
Microsoft Visual Studio Solution File, Format Version 12.00
# Visual Studio 15
VisualStudioVersion = 15.0.28010.2046
MinimumVisualStudioVersion = 10.0.40219.1
Project("{FAE04EC0-301F-11D3-BF4B-00C04F79EFBC}") = "Kinabalu", "kinabalu\Kinabalu.csproj", "{3586D99C-824F-4A97-A948-CE7DF1BE20DF}"
EndProject
Global
	GlobalSection(SolutionConfigurationPlatforms) = preSolution
		Debug|Any CPU = Debug|Any CPU
		Release|Any CPU = Release|Any CPU
	EndGlobalSection
	GlobalSection(ProjectConfigurationPlatforms) = postSolution
		{3586D99C-824F-4A97-A948-CE7DF1BE20DF}.Debug|Any CPU.ActiveCfg = Debug|Any CPU
		{3586D99C-824F-4A97-A948-CE7DF1BE20DF}.Debug|Any CPU.Build.0 = Debug|Any CPU
		{3586D99C-824F-4A97-A948-CE7DF1BE20DF}.Release|Any CPU.ActiveCfg = Release|Any CPU
		{3586D99C-824F-4A97-A948-CE7DF1BE20DF}.Release|Any CPU.Build.0 = Release|Any CPU
	EndGlobalSection
	GlobalSection(SolutionProperties) = preSolution
		HideSolutionNode = FALSE
	EndGlobalSection
	GlobalSection(ExtensibilityGlobals) = postSolution
		SolutionGuid = {378DF2E9-0F5C-4467-97B2-B26B727F216D}
	EndGlobalSection
EndGlobal
